---
# This workflow is optional. If you don't want lock mechanism, please remove this workflow.
name: Lock / Unlock
run-name: ${{inputs.action}} ${{inputs.working_dir}}
on:
  workflow_dispatch:
    inputs:
      action:
        description: action
        required: true
        default: lock
        type: choice
        options:
          - lock
          - unlock
          - check
      working_dir:
        description: working directory
        required: true
      message:
        description: message
        required: false
jobs:
  lock:
    name: ${{inputs.action}}
    timeout-minutes: 15
    runs-on: ubuntu-latest
    permissions:
      contents: write
    steps:
      - name: ${{inputs.action}} ${{inputs.working_dir}}
        uses: suzuki-shunsuke/lock-action@8f08ca10332ee4ed22fd6f90508c179176da9d6d # v0.1.6
        id: lock
        with:
          mode: ${{inputs.action}}
          key: ${{inputs.working_dir}}
          message: ${{inputs.message}}
          ignore_already_locked_error: "true"
      - name: Output the result of check
        run: |
          echo "::notice::already_locked: $ALREADY_LOCKED" >&2
          {
            echo '```json' 
            echo "$RESULT"
            echo '```' 
          } >> "$GITHUB_STEP_SUMMARY"
        if: inputs.action == 'check'
        env:
          ALREADY_LOCKED: ${{steps.lock.outputs.already_locked}}
          RESULT: ${{steps.lock.outputs.result}}
